
Microsoft Visual Studio Solution File, Format Version 12.00
# Visual Studio Version 17
VisualStudioVersion = 17.13.35825.156
MinimumVisualStudioVersion = 10.0.40219.1
Project("{FAE04EC0-301F-11D3-BF4B-00C04F79EFBC}") = "JwtCert.Issuer", "JwtCert.Issuer\JwtCert.Issuer.csproj", "{7AE26A00-AF8C-4967-9FB8-B3763C03EA9F}"
EndProject
Project("{FAE04EC0-301F-11D3-BF4B-00C04F79EFBC}") = "JwtCert.Api", "JwtCert.Api\JwtCert.Api.csproj", "{D55D511C-3AF2-4A11-A0F0-37EF99CF6A83}"
EndProject
Project("{FAE04EC0-301F-11D3-BF4B-00C04F79EFBC}") = "JwtCert.Core", "JwtCert.Core\JwtCert.Core.csproj", "{73D3DE7A-78EB-4799-8B79-B9837ED81451}"
EndProject
Global
	GlobalSection(SolutionConfigurationPlatforms) = preSolution
		Debug|Any CPU = Debug|Any CPU
		Release|Any CPU = Release|Any CPU
	EndGlobalSection
	GlobalSection(ProjectConfigurationPlatforms) = postSolution
		{7AE26A00-AF8C-4967-9FB8-B3763C03EA9F}.Debug|Any CPU.ActiveCfg = Debug|Any CPU
		{7AE26A00-AF8C-4967-9FB8-B3763C03EA9F}.Debug|Any CPU.Build.0 = Debug|Any CPU
		{7AE26A00-AF8C-4967-9FB8-B3763C03EA9F}.Release|Any CPU.ActiveCfg = Release|Any CPU
		{7AE26A00-AF8C-4967-9FB8-B3763C03EA9F}.Release|Any CPU.Build.0 = Release|Any CPU
		{D55D511C-3AF2-4A11-A0F0-37EF99CF6A83}.Debug|Any CPU.ActiveCfg = Debug|Any CPU
		{D55D511C-3AF2-4A11-A0F0-37EF99CF6A83}.Debug|Any CPU.Build.0 = Debug|Any CPU
		{D55D511C-3AF2-4A11-A0F0-37EF99CF6A83}.Release|Any CPU.ActiveCfg = Release|Any CPU
		{D55D511C-3AF2-4A11-A0F0-37EF99CF6A83}.Release|Any CPU.Build.0 = Release|Any CPU
		{73D3DE7A-78EB-4799-8B79-B9837ED81451}.Debug|Any CPU.ActiveCfg = Debug|Any CPU
		{73D3DE7A-78EB-4799-8B79-B9837ED81451}.Debug|Any CPU.Build.0 = Debug|Any CPU
		{73D3DE7A-78EB-4799-8B79-B9837ED81451}.Release|Any CPU.ActiveCfg = Release|Any CPU
		{73D3DE7A-78EB-4799-8B79-B9837ED81451}.Release|Any CPU.Build.0 = Release|Any CPU
	EndGlobalSection
	GlobalSection(SolutionProperties) = preSolution
		HideSolutionNode = FALSE
	EndGlobalSection
	GlobalSection(ExtensibilityGlobals) = postSolution
		SolutionGuid = {FD76C135-2D70-4FF8-A08B-36EE1615CAFB}
	EndGlobalSection
EndGlobal
